
Microsoft Visual Studio Solution File, Format Version 12.00
# Visual Studio Version 17
VisualStudioVersion = 17.8.34330.188
MinimumVisualStudioVersion = 10.0.40219.1
Project("{00D1A9C2-B5F0-4AF3-8072-F6C62B433612}") = "AdventureWorks2022", "AdventureWorks2022\AdventureWorks2022.sqlproj", "{3FCA4069-97F6-4E31-B8FB-033C54A7134C}"
EndProject
Global
	GlobalSection(SolutionConfigurationPlatforms) = preSolution
		Debug|Any CPU = Debug|Any CPU
		Release|Any CPU = Release|Any CPU
	EndGlobalSection
	GlobalSection(ProjectConfigurationPlatforms) = postSolution
		{3FCA4069-97F6-4E31-B8FB-033C54A7134C}.Debug|Any CPU.ActiveCfg = Debug|Any CPU
		{3FCA4069-97F6-4E31-B8FB-033C54A7134C}.Debug|Any CPU.Build.0 = Debug|Any CPU
		{3FCA4069-97F6-4E31-B8FB-033C54A7134C}.Debug|Any CPU.Deploy.0 = Debug|Any CPU
		{3FCA4069-97F6-4E31-B8FB-033C54A7134C}.Release|Any CPU.ActiveCfg = Release|Any CPU
		{3FCA4069-97F6-4E31-B8FB-033C54A7134C}.Release|Any CPU.Build.0 = Release|Any CPU
		{3FCA4069-97F6-4E31-B8FB-033C54A7134C}.Release|Any CPU.Deploy.0 = Release|Any CPU
	EndGlobalSection
	GlobalSection(SolutionProperties) = preSolution
		HideSolutionNode = FALSE
	EndGlobalSection
	GlobalSection(ExtensibilityGlobals) = postSolution
		SolutionGuid = {15E826F7-5379-4D0D-99EB-7B1C25BAC024}
	EndGlobalSection
EndGlobal
